
Microsoft Visual Studio Solution File, Format Version 12.00
# Visual Studio 2012
Project("{FAE04EC0-301F-11D3-BF4B-00C04F79EFBC}") = "whileLoops_005", "whileLoops_005\whileLoops_005.csproj", "{9E288D93-3D4C-4E1E-A291-C1F9EC811ACF}"
EndProject
Global
	GlobalSection(SolutionConfigurationPlatforms) = preSolution
		Debug|Any CPU = Debug|Any CPU
		Release|Any CPU = Release|Any CPU
	EndGlobalSection
	GlobalSection(ProjectConfigurationPlatforms) = postSolution
		{9E288D93-3D4C-4E1E-A291-C1F9EC811ACF}.Debug|Any CPU.ActiveCfg = Debug|Any CPU
		{9E288D93-3D4C-4E1E-A291-C1F9EC811ACF}.Debug|Any CPU.Build.0 = Debug|Any CPU
		{9E288D93-3D4C-4E1E-A291-C1F9EC811ACF}.Release|Any CPU.ActiveCfg = Release|Any CPU
		{9E288D93-3D4C-4E1E-A291-C1F9EC811ACF}.Release|Any CPU.Build.0 = Release|Any CPU
	EndGlobalSection
EndGlobal
